
Microsoft Visual Studio Solution File, Format Version 12.00
# Visual Studio Version 17
VisualStudioVersion = 17.10.34928.147
MinimumVisualStudioVersion = 10.0.40219.1
Project("{FAE04EC0-301F-11D3-BF4B-00C04F79EFBC}") = "CurdOprationWithAJAX", "CurdOprationWithAJAX\CurdOprationWithAJAX.csproj", "{4F40C206-1CEF-4EF5-B2F3-38B0DBF28930}"
EndProject
Global
	GlobalSection(SolutionConfigurationPlatforms) = preSolution
		Debug|Any CPU = Debug|Any CPU
		Release|Any CPU = Release|Any CPU
	EndGlobalSection
	GlobalSection(ProjectConfigurationPlatforms) = postSolution
		{4F40C206-1CEF-4EF5-B2F3-38B0DBF28930}.Debug|Any CPU.ActiveCfg = Debug|Any CPU
		{4F40C206-1CEF-4EF5-B2F3-38B0DBF28930}.Debug|Any CPU.Build.0 = Debug|Any CPU
		{4F40C206-1CEF-4EF5-B2F3-38B0DBF28930}.Release|Any CPU.ActiveCfg = Release|Any CPU
		{4F40C206-1CEF-4EF5-B2F3-38B0DBF28930}.Release|Any CPU.Build.0 = Release|Any CPU
	EndGlobalSection
	GlobalSection(SolutionProperties) = preSolution
		HideSolutionNode = FALSE
	EndGlobalSection
	GlobalSection(ExtensibilityGlobals) = postSolution
		SolutionGuid = {857887F0-357B-4E79-BDF3-0FB6C2591A9C}
	EndGlobalSection
EndGlobal
